// !$*UTF8*$!
{
	archiveVersion = 1;
	classes = {
	};
	objectVersion = 50;
	objects = {

/* Begin PBXBuildFile section */
		41702D56249E1C53008E59B2 /* AppDelegate.swift in Sources */ = {isa = PBXBuildFile; fileRef = 41702D55249E1C53008E59B2 /* AppDelegate.swift */; };
		41702D58249E1C53008E59B2 /* SceneDelegate.swift in Sources */ = {isa = PBXBuildFile; fileRef = 41702D57249E1C53008E59B2 /* SceneDelegate.swift */; };
		41702D5A249E1C53008E59B2 /* ViewController.swift in Sources */ = {isa = PBXBuildFile; fileRef = 41702D59249E1C53008E59B2 /* ViewController.swift */; };
		41702D5D249E1C53008E59B2 /* Main.storyboard in Resources */ = {isa = PBXBuildFile; fileRef = 41702D5B249E1C53008E59B2 /* Main.storyboard */; };
		41702D5F249E1C5A008E59B2 /* Assets.xcassets in Resources */ = {isa = PBXBuildFile; fileRef = 41702D5E249E1C5A008E59B2 /* Assets.xcassets */; };
		41702D62249E1C5A008E59B2 /* LaunchScreen.storyboard in Resources */ = {isa = PBXBuildFile; fileRef = 41702D60249E1C5A008E59B2 /* LaunchScreen.storyboard */; };
		41702D6E249E4C96008E59B2 /* DataManager.swift in Sources */ = {isa = PBXBuildFile; fileRef = 41702D6D249E4C96008E59B2 /* DataManager.swift */; };
		41702D70249E5B70008E59B2 /* CvdData.swift in Sources */ = {isa = PBXBuildFile; fileRef = 41702D6F249E5B70008E59B2 /* CvdData.swift */; };
		41702D7224A1450B008E59B2 /* CvdModel.swift in Sources */ = {isa = PBXBuildFile; fileRef = 41702D7124A1450B008E59B2 /* CvdModel.swift */; };
		41702D7E24B49E81008E59B2 /* README.md in Resources */ = {isa = PBXBuildFile; fileRef = 41702D7D24B49E81008E59B2 /* README.md */; };
/* End PBXBuildFile section */

/* Begin PBXFileReference section */
		41702D52249E1C53008E59B2 /* Covid Live Data.app */ = {isa = PBXFileReference; explicitFileType = wrapper.application; includeInIndex = 0; path = "Covid Live Data.app"; sourceTree = BUILT_PRODUCTS_DIR; };
		41702D55249E1C53008E59B2 /* AppDelegate.swift */ = {isa = PBXFileReference; lastKnownFileType = sourcecode.swift; path = AppDelegate.swift; sourceTree = "<group>"; };
		41702D57249E1C53008E59B2 /* SceneDelegate.swift */ = {isa = PBXFileReference; lastKnownFileType = sourcecode.swift; path = SceneDelegate.swift; sourceTree = "<group>"; };
		41702D59249E1C53008E59B2 /* ViewController.swift */ = {isa = PBXFileReference; lastKnownFileType = sourcecode.swift; name = ViewController.swift; path = ../ViewController.swift; sourceTree = "<group>"; };
		41702D5C249E1C53008E59B2 /* Base */ = {isa = PBXFileReference; lastKnownFileType = file.storyboard; name = Base; path = Base.lproj/Main.storyboard; sourceTree = "<group>"; };
		41702D5E249E1C5A008E59B2 /* Assets.xcassets */ = {isa = PBXFileReference; lastKnownFileType = folder.assetcatalog; path = Assets.xcassets; sourceTree = "<group>"; };
		41702D61249E1C5A008E59B2 /* Base */ = {isa = PBXFileReference; lastKnownFileType = file.storyboard; name = Base; path = Base.lproj/LaunchScreen.storyboard; sourceTree = "<group>"; };
		41702D63249E1C5A008E59B2 /* Info.plist */ = {isa = PBXFileReference; lastKnownFileType = text.plist.xml; path = Info.plist; sourceTree = "<group>"; };
		41702D6D249E4C96008E59B2 /* DataManager.swift */ = {isa = PBXFileReference; lastKnownFileType = sourcecode.swift; path = DataManager.swift; sourceTree = "<group>"; };
		41702D6F249E5B70008E59B2 /* CvdData.swift */ = {isa = PBXFileReference; lastKnownFileType = sourcecode.swift; path = CvdData.swift; sourceTree = "<group>"; };
		41702D7124A1450B008E59B2 /* CvdModel.swift */ = {isa = PBXFileReference; lastKnownFileType = sourcecode.swift; path = CvdModel.swift; sourceTree = "<group>"; };
		41702D7D24B49E81008E59B2 /* README.md */ = {isa = PBXFileReference; fileEncoding = 4; lastKnownFileType = net.daringfireball.markdown; path = README.md; sourceTree = "<group>"; };
/* End PBXFileReference section */

/* Begin PBXFrameworksBuildPhase section */
		41702D4F249E1C53008E59B2 /* Frameworks */ = {
			isa = PBXFrameworksBuildPhase;
			buildActionMask = 2147483647;
			files = (
			);
			runOnlyForDeploymentPostprocessing = 0;
		};
/* End PBXFrameworksBuildPhase section */

/* Begin PBXGroup section */
		41702D49249E1C53008E59B2 = {
			isa = PBXGroup;
			children = (
				41702D7D24B49E81008E59B2 /* README.md */,
				41702D54249E1C53008E59B2 /* Covid Live Data */,
				41702D53249E1C53008E59B2 /* Products */,
			);
			sourceTree = "<group>";
		};
		41702D53249E1C53008E59B2 /* Products */ = {
			isa = PBXGroup;
			children = (
				41702D52249E1C53008E59B2 /* Covid Live Data.app */,
			);
			name = Products;
			sourceTree = "<group>";
		};
		41702D54249E1C53008E59B2 /* Covid Live Data */ = {
			isa = PBXGroup;
			children = (
				41702D55249E1C53008E59B2 /* AppDelegate.swift */,
				41702D57249E1C53008E59B2 /* SceneDelegate.swift */,
				41702D6A249E4C1C008E59B2 /* Model */,
				41702D69249E4C05008E59B2 /* Controller */,
				41702D5B249E1C53008E59B2 /* Main.storyboard */,
				41702D5E249E1C5A008E59B2 /* Assets.xcassets */,
				41702D60249E1C5A008E59B2 /* LaunchScreen.storyboard */,
				41702D63249E1C5A008E59B2 /* Info.plist */,
			);
			path = "Covid Live Data";
			sourceTree = "<group>";
		};
		41702D69249E4C05008E59B2 /* Controller */ = {
			isa = PBXGroup;
			children = (
				41702D59249E1C53008E59B2 /* ViewController.swift */,
			);
			path = Controller;
			sourceTree = "<group>";
		};
		41702D6A249E4C1C008E59B2 /* Model */ = {
			isa = PBXGroup;
			children = (
				41702D6D249E4C96008E59B2 /* DataManager.swift */,
				41702D6F249E5B70008E59B2 /* CvdData.swift */,
				41702D7124A1450B008E59B2 /* CvdModel.swift */,
			);
			path = Model;
			sourceTree = "<group>";
		};
/* End PBXGroup section */

/* Begin PBXNativeTarget section */
		41702D51249E1C53008E59B2 /* Covid Live Data */ = {
			isa = PBXNativeTarget;
			buildConfigurationList = 41702D66249E1C5A008E59B2 /* Build configuration list for PBXNativeTarget "Covid Live Data" */;
			buildPhases = (
				41702D4E249E1C53008E59B2 /* Sources */,
				41702D4F249E1C53008E59B2 /* Frameworks */,
				41702D50249E1C53008E59B2 /* Resources */,
			);
			buildRules = (
			);
			dependencies = (
			);
			name = "Covid Live Data";
			productName = "CVD-19";
			productReference = 41702D52249E1C53008E59B2 /* Covid Live Data.app */;
			productType = "com.apple.product-type.application";
		};
/* End PBXNativeTarget section */

/* Begin PBXProject section */
		41702D4A249E1C53008E59B2 /* Project object */ = {
			isa = PBXProject;
			attributes = {
				LastSwiftUpdateCheck = 1150;
				LastUpgradeCheck = 1150;
				ORGANIZATIONNAME = Yasar;
				TargetAttributes = {
					41702D51249E1C53008E59B2 = {
						CreatedOnToolsVersion = 11.5;
					};
				};
			};
			buildConfigurationList = 41702D4D249E1C53008E59B2 /* Build configuration list for PBXProject "Covid Live Data" */;
			compatibilityVersion = "Xcode 9.3";
			developmentRegion = en;
			hasScannedForEncodings = 0;
			knownRegions = (
				en,
				Base,
			);
			mainGroup = 41702D49249E1C53008E59B2;
			productRefGroup = 41702D53249E1C53008E59B2 /* Products */;
			projectDirPath = "";
			projectRoot = "";
			targets = (
				41702D51249E1C53008E59B2 /* Covid Live Data */,
			);
		};
/* End PBXProject section */

/* Begin PBXResourcesBuildPhase section */
		41702D50249E1C53008E59B2 /* Resources */ = {
			isa = PBXResourcesBuildPhase;
			buildActionMask = 2147483647;
			files = (
				41702D62249E1C5A008E59B2 /* LaunchScreen.storyboard in Resources */,
				41702D5F249E1C5A008E59B2 /* Assets.xcassets in Resources */,
				41702D7E24B49E81008E59B2 /* README.md in Resources */,
				41702D5D249E1C53008E59B2 /* Main.storyboard in Resources */,
			);
			runOnlyForDeploymentPostprocessing = 0;
		};
/* End PBXResourcesBuildPhase section */

/* Begin PBXSourcesBuildPhase section */
		41702D4E249E1C53008E59B2 /* Sources */ = {
			isa = PBXSourcesBuildPhase;
			buildActionMask = 2147483647;
			files = (
				41702D70249E5B70008E59B2 /* CvdData.swift in Sources */,
				41702D7224A1450B008E59B2 /* CvdModel.swift in Sources */,
				41702D5A249E1C53008E59B2 /* ViewController.swift in Sources */,
				41702D6E249E4C96008E59B2 /* DataManager.swift in Sources */,
				41702D56249E1C53008E59B2 /* AppDelegate.swift in Sources */,
				41702D58249E1C53008E59B2 /* SceneDelegate.swift in Sources */,
			);
			runOnlyForDeploymentPostprocessing = 0;
		};
/* End PBXSourcesBuildPhase section */

/* Begin PBXVariantGroup section */
		41702D5B249E1C53008E59B2 /* Main.storyboard */ = {
			isa = PBXVariantGroup;
			children = (
				41702D5C249E1C53008E59B2 /* Base */,
			);
			name = Main.storyboard;
			sourceTree = "<group>";
		};
		41702D60249E1C5A008E59B2 /* LaunchScreen.storyboard */ = {
			isa = PBXVariantGroup;
			children = (
				41702D61249E1C5A008E59B2 /* Base */,
			);
			name = LaunchScreen.storyboard;
			sourceTree = "<group>";
		};
/* End PBXVariantGroup section */

/* Begin XCBuildConfiguration section */
		41702D64249E1C5A008E59B2 /* Debug */ = {
			isa = XCBuildConfiguration;
			buildSettings = {
				ALWAYS_SEARCH_USER_PATHS = NO;
				CLANG_ANALYZER_NONNULL = YES;
				CLANG_ANALYZER_NUMBER_OBJECT_CONVERSION = YES_AGGRESSIVE;
				CLANG_CXX_LANGUAGE_STANDARD = "gnu++14";
				CLANG_CXX_LIBRARY = "libc++";
				CLANG_ENABLE_MODULES = YES;
				CLANG_ENABLE_OBJC_ARC = YES;
				CLANG_ENABLE_OBJC_WEAK = YES;
				CLANG_WARN_BLOCK_CAPTURE_AUTORELEASING = YES;
				CLANG_WARN_BOOL_CONVERSION = YES;
				CLANG_WARN_COMMA = YES;
				CLANG_WARN_CONSTANT_CONVERSION = YES;
				CLANG_WARN_DEPRECATED_OBJC_IMPLEMENTATIONS = YES;
				CLANG_WARN_DIRECT_OBJC_ISA_USAGE = YES_ERROR;
				CLANG_WARN_DOCUMENTATION_COMMENTS = YES;
				CLANG_WARN_EMPTY_BODY = YES;
				CLANG_WARN_ENUM_CONVERSION = YES;
				CLANG_WARN_INFINITE_RECURSION = YES;
				CLANG_WARN_INT_CONVERSION = YES;
				CLANG_WARN_NON_LITERAL_NULL_CONVERSION = YES;
				CLANG_WARN_OBJC_IMPLICIT_RETAIN_SELF = YES;
				CLANG_WARN_OBJC_LITERAL_CONVERSION = YES;
				CLANG_WARN_OBJC_ROOT_CLASS = YES_ERROR;
				CLANG_WARN_RANGE_LOOP_ANALYSIS = YES;
				CLANG_WARN_STRICT_PROTOTYPES = YES;
				CLANG_WARN_SUSPICIOUS_MOVE = YES;
				CLANG_WARN_UNGUARDED_AVAILABILITY = YES_AGGRESSIVE;
				CLANG_WARN_UNREACHABLE_CODE = YES;
				CLANG_WARN__DUPLICATE_METHOD_MATCH = YES;
				COPY_PHASE_STRIP = NO;
				DEBUG_INFORMATION_FORMAT = dwarf;
				ENABLE_STRICT_OBJC_MSGSEND = YES;
				ENABLE_TESTABILITY = YES;
				GCC_C_LANGUAGE_STANDARD = gnu11;
				GCC_DYNAMIC_NO_PIC = NO;
				GCC_NO_COMMON_BLOCKS = YES;
				GCC_OPTIMIZATION_LEVEL = 0;
				GCC_PREPROCESSOR_DEFINITIONS = (
					"DEBUG=1",
					"$(inherited)",
				);
				GCC_WARN_64_TO_32_BIT_CONVERSION = YES;
				GCC_WARN_ABOUT_RETURN_TYPE = YES_ERROR;
				GCC_WARN_UNDECLARED_SELECTOR = YES;
				GCC_WARN_UNINITIALIZED_AUTOS = YES_AGGRESSIVE;
				GCC_WARN_UNUSED_FUNCTION = YES;
				GCC_WARN_UNUSED_VARIABLE = YES;
				IPHONEOS_DEPLOYMENT_TARGET = 13.5;
				MTL_ENABLE_DEBUG_INFO = INCLUDE_SOURCE;
				MTL_FAST_MATH = YES;
				ONLY_ACTIVE_ARCH = YES;
				SDKROOT = iphoneos;
				SWIFT_ACTIVE_COMPILATION_CONDITIONS = DEBUG;
				SWIFT_OPTIMIZATION_LEVEL = "-Onone";
			};
			name = Debug;
		};
		41702D65249E1C5A008E59B2 /* Release */ = {
			isa = XCBuildConfiguration;
			buildSettings = {
				ALWAYS_SEARCH_USER_PATHS = NO;
				CLANG_ANALYZER_NONNULL = YES;
				CLANG_ANALYZER_NUMBER_OBJECT_CONVERSION = YES_AGGRESSIVE;
				CLANG_CXX_LANGUAGE_STANDARD = "gnu++14";
				CLANG_CXX_LIBRARY = "libc++";
				CLANG_ENABLE_MODULES = YES;
				CLANG_ENABLE_OBJC_ARC = YES;
				CLANG_ENABLE_OBJC_WEAK = YES;
				CLANG_WARN_BLOCK_CAPTURE_AUTORELEASING = YES;
				CLANG_WARN_BOOL_CONVERSION = YES;
				CLANG_WARN_COMMA = YES;
				CLANG_WARN_CONSTANT_CONVERSION = YES;
				CLANG_WARN_DEPRECATED_OBJC_IMPLEMENTATIONS = YES;
				CLANG_WARN_DIRECT_OBJC_ISA_USAGE = YES_ERROR;
				CLANG_WARN_DOCUMENTATION_COMMENTS = YES;
				CLANG_WARN_EMPTY_BODY = YES;
				CLANG_WARN_ENUM_CONVERSION = YES;
				CLANG_WARN_INFINITE_RECURSION = YES;
				CLANG_WARN_INT_CONVERSION = YES;
				CLANG_WARN_NON_LITERAL_NULL_CONVERSION = YES;
				CLANG_WARN_OBJC_IMPLICIT_RETAIN_SELF = YES;
				CLANG_WARN_OBJC_LITERAL_CONVERSION = YES;
				CLANG_WARN_OBJC_ROOT_CLASS = YES_ERROR;
				CLANG_WARN_RANGE_LOOP_ANALYSIS = YES;
				CLANG_WARN_STRICT_PROTOTYPES = YES;
				CLANG_WARN_SUSPICIOUS_MOVE = YES;
				CLANG_WARN_UNGUARDED_AVAILABILITY = YES_AGGRESSIVE;
				CLANG_WARN_UNREACHABLE_CODE = YES;
				CLANG_WARN__DUPLICATE_METHOD_MATCH = YES;
				COPY_PHASE_STRIP = NO;
				DEBUG_INFORMATION_FORMAT = "dwarf-with-dsym";
				ENABLE_NS_ASSERTIONS = NO;
				ENABLE_STRICT_OBJC_MSGSEND = YES;
				GCC_C_LANGUAGE_STANDARD = gnu11;
				GCC_NO_COMMON_BLOCKS = YES;
				GCC_WARN_64_TO_32_BIT_CONVERSION = YES;
				GCC_WARN_ABOUT_RETURN_TYPE = YES_ERROR;
				GCC_WARN_UNDECLARED_SELECTOR = YES;
				GCC_WARN_UNINITIALIZED_AUTOS = YES_AGGRESSIVE;
				GCC_WARN_UNUSED_FUNCTION = YES;
				GCC_WARN_UNUSED_VARIABLE = YES;
				IPHONEOS_DEPLOYMENT_TARGET = 13.5;
				MTL_ENABLE_DEBUG_INFO = NO;
				MTL_FAST_MATH = YES;
				SDKROOT = iphoneos;
				SWIFT_COMPILATION_MODE = wholemodule;
				SWIFT_OPTIMIZATION_LEVEL = "-O";
				VALIDATE_PRODUCT = YES;
			};
			name = Release;
		};
		41702D67249E1C5A008E59B2 /* Debug */ = {
			isa = XCBuildConfiguration;
			buildSettings = {
				ASSETCATALOG_COMPILER_APPICON_NAME = AppIcon;
				CODE_SIGN_STYLE = Automatic;
				DEVELOPMENT_TEAM = ZTVF23PGSS;
				INFOPLIST_FILE = "Covid Live Data/Info.plist";
				IPHONEOS_DEPLOYMENT_TARGET = 13.3;
				LD_RUNPATH_SEARCH_PATHS = (
					"$(inherited)",
					"@executable_path/Frameworks",
				);
				PRODUCT_BUNDLE_IDENTIFIER = "com.yasark.Covid Live Data";
				PRODUCT_NAME = "$(TARGET_NAME)";
				SWIFT_VERSION = 5.0;
				TARGETED_DEVICE_FAMILY = "1,2";
			};
			name = Debug;
		};
		41702D68249E1C5A008E59B2 /* Release */ = {
			isa = XCBuildConfiguration;
			buildSettings = {
				ASSETCATALOG_COMPILER_APPICON_NAME = AppIcon;
				CODE_SIGN_STYLE = Automatic;
				DEVELOPMENT_TEAM = ZTVF23PGSS;
				INFOPLIST_FILE = "Covid Live Data/Info.plist";
				IPHONEOS_DEPLOYMENT_TARGET = 13.3;
				LD_RUNPATH_SEARCH_PATHS = (
					"$(inherited)",
					"@executable_path/Frameworks",
				);
				PRODUCT_BUNDLE_IDENTIFIER = "com.yasark.Covid Live Data";
				PRODUCT_NAME = "$(TARGET_NAME)";
				SWIFT_VERSION = 5.0;
				TARGETED_DEVICE_FAMILY = "1,2";
			};
			name = Release;
		};
/* End XCBuildConfiguration section */

/* Begin XCConfigurationList section */
		41702D4D249E1C53008E59B2 /* Build configuration list for PBXProject "Covid Live Data" */ = {
			isa = XCConfigurationList;
			buildConfigurations = (
				41702D64249E1C5A008E59B2 /* Debug */,
				41702D65249E1C5A008E59B2 /* Release */,
			);
			defaultConfigurationIsVisible = 0;
			defaultConfigurationName = Release;
		};
		41702D66249E1C5A008E59B2 /* Build configuration list for PBXNativeTarget "Covid Live Data" */ = {
			isa = XCConfigurationList;
			buildConfigurations = (
				41702D67249E1C5A008E59B2 /* Debug */,
				41702D68249E1C5A008E59B2 /* Release */,
			);
			defaultConfigurationIsVisible = 0;
			defaultConfigurationName = Release;
		};
/* End XCConfigurationList section */
	};
	rootObject = 41702D4A249E1C53008E59B2 /* Project object */;
}
